
Microsoft Visual Studio Solution File, Format Version 12.00
# Visual Studio Version 17
VisualStudioVersion = 17.0.32112.339
MinimumVisualStudioVersion = 10.0.40219.1
Project("{9A19103F-16F7-4668-BE54-9A1E7A4F7556}") = "FilmesScrappingApi", "FilmesScrappingApi\FilmesScrappingApi.csproj", "{E61C849B-39E4-4A88-8DC4-6EBA4AB6802F}"
EndProject
Project("{E53339B2-1760-4266-BCC7-CA923CBCF16C}") = "docker-compose", "docker-compose.dcproj", "{9BEF1028-69E8-4E3A-8E4A-A50E9834075C}"
EndProject
Global
	GlobalSection(SolutionConfigurationPlatforms) = preSolution
		Debug|Any CPU = Debug|Any CPU
		Release|Any CPU = Release|Any CPU
	EndGlobalSection
	GlobalSection(ProjectConfigurationPlatforms) = postSolution
		{E61C849B-39E4-4A88-8DC4-6EBA4AB6802F}.Debug|Any CPU.ActiveCfg = Debug|Any CPU
		{E61C849B-39E4-4A88-8DC4-6EBA4AB6802F}.Debug|Any CPU.Build.0 = Debug|Any CPU
		{E61C849B-39E4-4A88-8DC4-6EBA4AB6802F}.Release|Any CPU.ActiveCfg = Release|Any CPU
		{E61C849B-39E4-4A88-8DC4-6EBA4AB6802F}.Release|Any CPU.Build.0 = Release|Any CPU
		{9BEF1028-69E8-4E3A-8E4A-A50E9834075C}.Debug|Any CPU.ActiveCfg = Debug|Any CPU
		{9BEF1028-69E8-4E3A-8E4A-A50E9834075C}.Debug|Any CPU.Build.0 = Debug|Any CPU
		{9BEF1028-69E8-4E3A-8E4A-A50E9834075C}.Release|Any CPU.ActiveCfg = Release|Any CPU
		{9BEF1028-69E8-4E3A-8E4A-A50E9834075C}.Release|Any CPU.Build.0 = Release|Any CPU
	EndGlobalSection
	GlobalSection(SolutionProperties) = preSolution
		HideSolutionNode = FALSE
	EndGlobalSection
	GlobalSection(ExtensibilityGlobals) = postSolution
		SolutionGuid = {66ADABE3-FA27-4DCE-8AF3-24357EAEBD57}
	EndGlobalSection
EndGlobal
